schema: '2.0'
stages:
  preprocess:
    cmd: python preprocess.py
    deps:
    - path: data/salaries.csv
      hash: md5
      md5: 3b294a7e53d8199ad8c4410752f8991d
      size: 4054216
    - path: preprocess.py
      hash: md5
      md5: c7f82c03333dee1875dc686e0b4ceba6
      size: 1534
    outs:
    - path: data/test.csv
      hash: md5
      md5: 7a414ff9b048824230a3524dc2f1b8b3
      size: 1811793
    - path: data/train.csv
      hash: md5
      md5: d3c07a7903432dc8685d4a6c3cbd4b99
      size: 4227544
  train:
    cmd: python train.py
    deps:
    - path: data/train.csv
      hash: md5
      md5: d3c07a7903432dc8685d4a6c3cbd4b99
      size: 4227544
    - path: train.py
      hash: md5
      md5: a1e6c6917c1df77296a2b449ea6633cc
      size: 772
    outs:
    - path: models/model.pkl
      hash: md5
      md5: d928116188ea70695f86842a5b32b581
      size: 1823
  check_data:
    cmd: python check_data.py
    deps:
    - path: check_data.py
      hash: md5
      md5: 5281a65a36dc36bd77bcf538978dff6d
      size: 360
    - path: data/salaries.csv
      hash: md5
      md5: 3b294a7e53d8199ad8c4410752f8991d
      size: 4054216
  tune:
    cmd: python tune.py
    deps:
    - path: data/test.csv
      hash: md5
      md5: 7a414ff9b048824230a3524dc2f1b8b3
      size: 1811793
    - path: data/train.csv
      hash: md5
      md5: d3c07a7903432dc8685d4a6c3cbd4b99
      size: 4227544
    - path: tune.py
      hash: md5
      md5: 0ac2c1b49f6a945278cb5017470bae15
      size: 1722
